
Microsoft Visual Studio Solution File, Format Version 12.00
# Visual Studio Version 17
VisualStudioVersion = 17.10.35027.167
MinimumVisualStudioVersion = 10.0.40219.1
Project("{9A19103F-16F7-4668-BE54-9A1E7A4F7556}") = "CodeCraft", "CodeCraft.csproj", "{92CD5A52-2D2F-497C-B292-F7F14F2A03CC}"
EndProject
Project("{FAE04EC0-301F-11D3-BF4B-00C04F79EFBC}") = "CDWarehouse", "..\CDWarehouse\CDWarehouse.csproj", "{BFD62EF9-6656-42CD-8ACF-8E0BEFAF7473}"
EndProject
Global
	GlobalSection(SolutionConfigurationPlatforms) = preSolution
		Debug|Any CPU = Debug|Any CPU
		Release|Any CPU = Release|Any CPU
	EndGlobalSection
	GlobalSection(ProjectConfigurationPlatforms) = postSolution
		{92CD5A52-2D2F-497C-B292-F7F14F2A03CC}.Debug|Any CPU.ActiveCfg = Debug|Any CPU
		{92CD5A52-2D2F-497C-B292-F7F14F2A03CC}.Debug|Any CPU.Build.0 = Debug|Any CPU
		{92CD5A52-2D2F-497C-B292-F7F14F2A03CC}.Release|Any CPU.ActiveCfg = Release|Any CPU
		{92CD5A52-2D2F-497C-B292-F7F14F2A03CC}.Release|Any CPU.Build.0 = Release|Any CPU
		{BFD62EF9-6656-42CD-8ACF-8E0BEFAF7473}.Debug|Any CPU.ActiveCfg = Debug|Any CPU
		{BFD62EF9-6656-42CD-8ACF-8E0BEFAF7473}.Debug|Any CPU.Build.0 = Debug|Any CPU
		{BFD62EF9-6656-42CD-8ACF-8E0BEFAF7473}.Release|Any CPU.ActiveCfg = Release|Any CPU
		{BFD62EF9-6656-42CD-8ACF-8E0BEFAF7473}.Release|Any CPU.Build.0 = Release|Any CPU
	EndGlobalSection
	GlobalSection(SolutionProperties) = preSolution
		HideSolutionNode = FALSE
	EndGlobalSection
	GlobalSection(ExtensibilityGlobals) = postSolution
		SolutionGuid = {A951AB47-47E9-44A0-A9B8-B6145AAE0969}
	EndGlobalSection
EndGlobal
